// !$*UTF8*$!
{
	archiveVersion = 1;
	classes = {
	};
	objectVersion = 50;
	objects = {

/* Begin PBXBuildFile section */
		0981CBD1250B46970097F862 /* storenames.c in Sources */ = {isa = PBXBuildFile; fileRef = 0981CBCD250B46970097F862 /* storenames.c */; };
		0981CBD2250B46970097F862 /* addnames.c in Sources */ = {isa = PBXBuildFile; fileRef = 0981CBCE250B46970097F862 /* addnames.c */; };
		0981CBD3250B46970097F862 /* escnames.c in Sources */ = {isa = PBXBuildFile; fileRef = 0981CBCF250B46970097F862 /* escnames.c */; };
		0981CBD4250B46970097F862 /* opernames.c in Sources */ = {isa = PBXBuildFile; fileRef = 0981CBD0250B46970097F862 /* opernames.c */; };
		6808EE05297069760045BA8A /* image.c in Sources */ = {isa = PBXBuildFile; fileRef = 6808EE04297069760045BA8A /* image.c */; };
		685EBE252A52033800E4F465 /* screen.c in Sources */ = {isa = PBXBuildFile; fileRef = 685EBE242A52033800E4F465 /* screen.c */; };
		6879D5842A942A4F0067C22A /* channel.c in Sources */ = {isa = PBXBuildFile; fileRef = 6879D5832A942A4F0067C22A /* channel.c */; };
		68AC2DA32A5F52B60046C6EB /* platform.c in Sources */ = {isa = PBXBuildFile; fileRef = 68AC2DA12A5F52B60046C6EB /* platform.c */; };
		68AC2DA72A5F52EF0046C6EB /* unpack.c in Sources */ = {isa = PBXBuildFile; fileRef = 68AC2DA62A5F52EF0046C6EB /* unpack.c */; };
		8B26B69B256D4F7500477B72 /* SDL2.framework in Frameworks */ = {isa = PBXBuildFile; fileRef = 8B7D7B27256D40C400DAA932 /* SDL2.framework */; };
		8B9C401B250A2A5B00C947F9 /* alis.c in Sources */ = {isa = PBXBuildFile; fileRef = 8B9C400F250921E900C947F9 /* alis.c */; };
		8B9C4022250A2A5B00C947F9 /* opcodes.c in Sources */ = {isa = PBXBuildFile; fileRef = 8B9C4016250A247D00C947F9 /* opcodes.c */; };
		8B9C402C250A2A8F00C947F9 /* main.c in Sources */ = {isa = PBXBuildFile; fileRef = 8B9C402B250A2A8F00C947F9 /* main.c */; };
		8B9C4030250A2F9300C947F9 /* utils.c in Sources */ = {isa = PBXBuildFile; fileRef = 8B9C402F250A2F9300C947F9 /* utils.c */; };
		8B9C403B250A3E5200C947F9 /* script.c in Sources */ = {isa = PBXBuildFile; fileRef = 8B9C403A250A3E5200C947F9 /* script.c */; };
		8B9C4044250A6AC200C947F9 /* debug.c in Sources */ = {isa = PBXBuildFile; fileRef = 8B9C4043250A6AC200C947F9 /* debug.c */; };
		8B9C4047250A721D00C947F9 /* sys_sdl2.c in Sources */ = {isa = PBXBuildFile; fileRef = 8B9C4046250A721D00C947F9 /* sys_sdl2.c */; };
/* End PBXBuildFile section */

/* Begin PBXCopyFilesBuildPhase section */
		8B7D7B33256D414B00DAA932 /* Embed Frameworks */ = {
			isa = PBXCopyFilesBuildPhase;
			buildActionMask = 2147483647;
			dstPath = "";
			dstSubfolderSpec = 10;
			files = (
			);
			name = "Embed Frameworks";
			runOnlyForDeploymentPostprocessing = 0;
		};
		8B9C4026250A2A5B00C947F9 /* CopyFiles */ = {
			isa = PBXCopyFilesBuildPhase;
			buildActionMask = 2147483647;
			dstPath = /usr/share/man/man1/;
			dstSubfolderSpec = 0;
			files = (
			);
			runOnlyForDeploymentPostprocessing = 1;
		};
/* End PBXCopyFilesBuildPhase section */

/* Begin PBXFileReference section */
		0932D81B253996D000E215B3 /* README.md */ = {isa = PBXFileReference; lastKnownFileType = net.daringfireball.markdown; name = README.md; path = ../README.md; sourceTree = "<group>"; };
		0981CBCD250B46970097F862 /* storenames.c */ = {isa = PBXFileReference; fileEncoding = 4; lastKnownFileType = sourcecode.c.c; path = storenames.c; sourceTree = "<group>"; };
		0981CBCE250B46970097F862 /* addnames.c */ = {isa = PBXFileReference; fileEncoding = 4; lastKnownFileType = sourcecode.c.c; path = addnames.c; sourceTree = "<group>"; };
		0981CBCF250B46970097F862 /* escnames.c */ = {isa = PBXFileReference; fileEncoding = 4; lastKnownFileType = sourcecode.c.c; path = escnames.c; sourceTree = "<group>"; };
		0981CBD0250B46970097F862 /* opernames.c */ = {isa = PBXFileReference; fileEncoding = 4; lastKnownFileType = sourcecode.c.c; path = opernames.c; sourceTree = "<group>"; };
		0981CBD5250B470E0097F862 /* alis_private.h */ = {isa = PBXFileReference; lastKnownFileType = sourcecode.c.h; path = alis_private.h; sourceTree = "<group>"; };
		6808EE03297069760045BA8A /* image.h */ = {isa = PBXFileReference; lastKnownFileType = sourcecode.c.h; path = image.h; sourceTree = "<group>"; };
		6808EE04297069760045BA8A /* image.c */ = {isa = PBXFileReference; lastKnownFileType = sourcecode.c.c; path = image.c; sourceTree = "<group>"; };
		685EBE232A52033800E4F465 /* screen.h */ = {isa = PBXFileReference; lastKnownFileType = sourcecode.c.h; path = screen.h; sourceTree = "<group>"; };
		685EBE242A52033800E4F465 /* screen.c */ = {isa = PBXFileReference; lastKnownFileType = sourcecode.c.c; path = screen.c; sourceTree = "<group>"; };
		6879D5822A942A4F0067C22A /* channel.h */ = {isa = PBXFileReference; lastKnownFileType = sourcecode.c.h; path = channel.h; sourceTree = "<group>"; };
		6879D5832A942A4F0067C22A /* channel.c */ = {isa = PBXFileReference; lastKnownFileType = sourcecode.c.c; path = channel.c; sourceTree = "<group>"; };
		68AC2DA12A5F52B60046C6EB /* platform.c */ = {isa = PBXFileReference; fileEncoding = 4; lastKnownFileType = sourcecode.c.c; path = platform.c; sourceTree = "<group>"; };
		68AC2DA22A5F52B60046C6EB /* platform.h */ = {isa = PBXFileReference; fileEncoding = 4; lastKnownFileType = sourcecode.c.h; path = platform.h; sourceTree = "<group>"; };
		68AC2DA52A5F52EF0046C6EB /* unpack.h */ = {isa = PBXFileReference; fileEncoding = 4; lastKnownFileType = sourcecode.c.h; path = unpack.h; sourceTree = "<group>"; };
		68AC2DA62A5F52EF0046C6EB /* unpack.c */ = {isa = PBXFileReference; fileEncoding = 4; lastKnownFileType = sourcecode.c.c; path = unpack.c; sourceTree = "<group>"; };
		68F3BDE42A7F2F64008E516A /* mem.h */ = {isa = PBXFileReference; lastKnownFileType = sourcecode.c.h; path = mem.h; sourceTree = "<group>"; };
		8B28A6802507C5A600E3F0FF /* OpenGL.framework */ = {isa = PBXFileReference; lastKnownFileType = wrapper.framework; name = OpenGL.framework; path = System/Library/Frameworks/OpenGL.framework; sourceTree = SDKROOT; };
		8B28A6822507C5AA00E3F0FF /* Cocoa.framework */ = {isa = PBXFileReference; lastKnownFileType = wrapper.framework; name = Cocoa.framework; path = System/Library/Frameworks/Cocoa.framework; sourceTree = SDKROOT; };
		8B7D7B27256D40C400DAA932 /* SDL2.framework */ = {isa = PBXFileReference; lastKnownFileType = wrapper.framework; name = SDL2.framework; path = ../../../../../../../Library/Frameworks/SDL2.framework; sourceTree = "<group>"; };
		8B9C400E250921E900C947F9 /* alis.h */ = {isa = PBXFileReference; fileEncoding = 4; lastKnownFileType = sourcecode.c.h; path = alis.h; sourceTree = "<group>"; };
		8B9C400F250921E900C947F9 /* alis.c */ = {isa = PBXFileReference; fileEncoding = 4; lastKnownFileType = sourcecode.c.c; path = alis.c; sourceTree = "<group>"; };
		8B9C4016250A247D00C947F9 /* opcodes.c */ = {isa = PBXFileReference; fileEncoding = 4; lastKnownFileType = sourcecode.c.c; path = opcodes.c; sourceTree = "<group>"; };
		8B9C402A250A2A5B00C947F9 /* alis */ = {isa = PBXFileReference; explicitFileType = "compiled.mach-o.executable"; includeInIndex = 0; path = alis; sourceTree = BUILT_PRODUCTS_DIR; };
		8B9C402B250A2A8F00C947F9 /* main.c */ = {isa = PBXFileReference; lastKnownFileType = sourcecode.c.c; path = main.c; sourceTree = "<group>"; };
		8B9C402D250A2AEF00C947F9 /* config.h */ = {isa = PBXFileReference; lastKnownFileType = sourcecode.c.h; path = config.h; sourceTree = "<group>"; };
		8B9C402E250A2F9300C947F9 /* utils.h */ = {isa = PBXFileReference; fileEncoding = 4; lastKnownFileType = sourcecode.c.h; path = utils.h; sourceTree = "<group>"; };
		8B9C402F250A2F9300C947F9 /* utils.c */ = {isa = PBXFileReference; fileEncoding = 4; lastKnownFileType = sourcecode.c.c; path = utils.c; sourceTree = "<group>"; };
		8B9C4039250A3E5200C947F9 /* script.h */ = {isa = PBXFileReference; lastKnownFileType = sourcecode.c.h; path = script.h; sourceTree = "<group>"; };
		8B9C403A250A3E5200C947F9 /* script.c */ = {isa = PBXFileReference; lastKnownFileType = sourcecode.c.c; path = script.c; sourceTree = "<group>"; };
		8B9C4042250A6AC200C947F9 /* debug.h */ = {isa = PBXFileReference; lastKnownFileType = sourcecode.c.h; path = debug.h; sourceTree = "<group>"; };
		8B9C4043250A6AC200C947F9 /* debug.c */ = {isa = PBXFileReference; lastKnownFileType = sourcecode.c.c; path = debug.c; sourceTree = "<group>"; };
		8B9C4045250A721D00C947F9 /* sys.h */ = {isa = PBXFileReference; lastKnownFileType = sourcecode.c.h; path = sys.h; sourceTree = "<group>"; };
		8B9C4046250A721D00C947F9 /* sys_sdl2.c */ = {isa = PBXFileReference; lastKnownFileType = sourcecode.c.c; path = sys_sdl2.c; sourceTree = "<group>"; };
/* End PBXFileReference section */

/* Begin PBXFrameworksBuildPhase section */
		8B9C4025250A2A5B00C947F9 /* Frameworks */ = {
			isa = PBXFrameworksBuildPhase;
			buildActionMask = 2147483647;
			files = (
				8B26B69B256D4F7500477B72 /* SDL2.framework in Frameworks */,
			);
			runOnlyForDeploymentPostprocessing = 0;
		};
/* End PBXFrameworksBuildPhase section */

/* Begin PBXGroup section */
		8B28A60F25076CC800E3F0FF = {
			isa = PBXGroup;
			children = (
				0932D81B253996D000E215B3 /* README.md */,
				8B9C400D250921E900C947F9 /* alis */,
				8B28A61925076CC800E3F0FF /* Products */,
				8B28A67F2507C5A500E3F0FF /* Frameworks */,
			);
			sourceTree = "<group>";
		};
		8B28A61925076CC800E3F0FF /* Products */ = {
			isa = PBXGroup;
			children = (
				8B9C402A250A2A5B00C947F9 /* alis */,
			);
			name = Products;
			sourceTree = "<group>";
		};
		8B28A67F2507C5A500E3F0FF /* Frameworks */ = {
			isa = PBXGroup;
			children = (
				8B7D7B27256D40C400DAA932 /* SDL2.framework */,
				8B28A6822507C5AA00E3F0FF /* Cocoa.framework */,
				8B28A6802507C5A600E3F0FF /* OpenGL.framework */,
			);
			name = Frameworks;
			sourceTree = "<group>";
		};
		8B7D7B13256D3ECA00DAA932 /* sys */ = {
			isa = PBXGroup;
			children = (
				8B9C4045250A721D00C947F9 /* sys.h */,
				8B7D7B14256D3ED700DAA932 /* sdl2 */,
			);
			path = sys;
			sourceTree = "<group>";
		};
		8B7D7B14256D3ED700DAA932 /* sdl2 */ = {
			isa = PBXGroup;
			children = (
				8B9C4046250A721D00C947F9 /* sys_sdl2.c */,
			);
			path = sdl2;
			sourceTree = "<group>";
		};
		8B9C400D250921E900C947F9 /* alis */ = {
			isa = PBXGroup;
			children = (
				8B7D7B13256D3ECA00DAA932 /* sys */,
				0981CBCE250B46970097F862 /* addnames.c */,
				8B9C400E250921E900C947F9 /* alis.h */,
				0981CBD5250B470E0097F862 /* alis_private.h */,
				8B9C400F250921E900C947F9 /* alis.c */,
				6879D5822A942A4F0067C22A /* channel.h */,
				6879D5832A942A4F0067C22A /* channel.c */,
				8B9C402D250A2AEF00C947F9 /* config.h */,
				8B9C4042250A6AC200C947F9 /* debug.h */,
				8B9C4043250A6AC200C947F9 /* debug.c */,
				0981CBCF250B46970097F862 /* escnames.c */,
				8B9C4016250A247D00C947F9 /* opcodes.c */,
				0981CBD0250B46970097F862 /* opernames.c */,
				68AC2DA12A5F52B60046C6EB /* platform.c */,
				68AC2DA22A5F52B60046C6EB /* platform.h */,
				6808EE03297069760045BA8A /* image.h */,
				6808EE04297069760045BA8A /* image.c */,
				68F3BDE42A7F2F64008E516A /* mem.h */,
				8B9C402B250A2A8F00C947F9 /* main.c */,
				685EBE232A52033800E4F465 /* screen.h */,
				685EBE242A52033800E4F465 /* screen.c */,
				8B9C4039250A3E5200C947F9 /* script.h */,
				8B9C403A250A3E5200C947F9 /* script.c */,
				0981CBCD250B46970097F862 /* storenames.c */,
				68AC2DA62A5F52EF0046C6EB /* unpack.c */,
				68AC2DA52A5F52EF0046C6EB /* unpack.h */,
				8B9C402E250A2F9300C947F9 /* utils.h */,
				8B9C402F250A2F9300C947F9 /* utils.c */,
			);
			name = alis;
			path = ../src;
			sourceTree = "<group>";
		};
/* End PBXGroup section */

/* Begin PBXNativeTarget section */
		8B9C4019250A2A5B00C947F9 /* alis */ = {
			isa = PBXNativeTarget;
			buildConfigurationList = 8B9C4027250A2A5B00C947F9 /* Build configuration list for PBXNativeTarget "alis" */;
			buildPhases = (
				8B9C401A250A2A5B00C947F9 /* Sources */,
				8B9C4025250A2A5B00C947F9 /* Frameworks */,
				8B9C4026250A2A5B00C947F9 /* CopyFiles */,
				8B7D7B33256D414B00DAA932 /* Embed Frameworks */,
			);
			buildRules = (
			);
			dependencies = (
			);
			name = alis;
			productName = "lc3vm-orig";
			productReference = 8B9C402A250A2A5B00C947F9 /* alis */;
			productType = "com.apple.product-type.tool";
		};
/* End PBXNativeTarget section */

/* Begin PBXProject section */
		8B28A61025076CC800E3F0FF /* Project object */ = {
			isa = PBXProject;
			attributes = {
				LastUpgradeCheck = 1210;
				ORGANIZATIONNAME = Zlot;
			};
			buildConfigurationList = 8B28A61325076CC800E3F0FF /* Build configuration list for PBXProject "alis" */;
			compatibilityVersion = "Xcode 9.3";
			developmentRegion = en;
			hasScannedForEncodings = 0;
			knownRegions = (
				en,
				Base,
			);
			mainGroup = 8B28A60F25076CC800E3F0FF;
			productRefGroup = 8B28A61925076CC800E3F0FF /* Products */;
			projectDirPath = "";
			projectRoot = "";
			targets = (
				8B9C4019250A2A5B00C947F9 /* alis */,
			);
		};
/* End PBXProject section */

/* Begin PBXSourcesBuildPhase section */
		8B9C401A250A2A5B00C947F9 /* Sources */ = {
			isa = PBXSourcesBuildPhase;
			buildActionMask = 2147483647;
			files = (
				68AC2DA72A5F52EF0046C6EB /* unpack.c in Sources */,
				0981CBD1250B46970097F862 /* storenames.c in Sources */,
				0981CBD2250B46970097F862 /* addnames.c in Sources */,
				6879D5842A942A4F0067C22A /* channel.c in Sources */,
				8B9C4047250A721D00C947F9 /* sys_sdl2.c in Sources */,
				8B9C4030250A2F9300C947F9 /* utils.c in Sources */,
				8B9C402C250A2A8F00C947F9 /* main.c in Sources */,
				8B9C401B250A2A5B00C947F9 /* alis.c in Sources */,
				6808EE05297069760045BA8A /* image.c in Sources */,
				685EBE252A52033800E4F465 /* screen.c in Sources */,
				0981CBD4250B46970097F862 /* opernames.c in Sources */,
				8B9C403B250A3E5200C947F9 /* script.c in Sources */,
				8B9C4022250A2A5B00C947F9 /* opcodes.c in Sources */,
				0981CBD3250B46970097F862 /* escnames.c in Sources */,
				68AC2DA32A5F52B60046C6EB /* platform.c in Sources */,
				8B9C4044250A6AC200C947F9 /* debug.c in Sources */,
			);
			runOnlyForDeploymentPostprocessing = 0;
		};
/* End PBXSourcesBuildPhase section */

/* Begin XCBuildConfiguration section */
		8B28A61D25076CC800E3F0FF /* Debug */ = {
			isa = XCBuildConfiguration;
			buildSettings = {
				ALWAYS_SEARCH_USER_PATHS = NO;
				CLANG_ANALYZER_NONNULL = YES;
				CLANG_ANALYZER_NUMBER_OBJECT_CONVERSION = YES_AGGRESSIVE;
				CLANG_CXX_LANGUAGE_STANDARD = "gnu++14";
				CLANG_CXX_LIBRARY = "libc++";
				CLANG_ENABLE_MODULES = YES;
				CLANG_ENABLE_OBJC_ARC = YES;
				CLANG_ENABLE_OBJC_WEAK = YES;
				CLANG_WARN_BLOCK_CAPTURE_AUTORELEASING = YES;
				CLANG_WARN_BOOL_CONVERSION = YES;
				CLANG_WARN_COMMA = YES;
				CLANG_WARN_CONSTANT_CONVERSION = YES;
				CLANG_WARN_DEPRECATED_OBJC_IMPLEMENTATIONS = YES;
				CLANG_WARN_DIRECT_OBJC_ISA_USAGE = YES_ERROR;
				CLANG_WARN_DOCUMENTATION_COMMENTS = YES;
				CLANG_WARN_EMPTY_BODY = YES;
				CLANG_WARN_ENUM_CONVERSION = YES;
				CLANG_WARN_INFINITE_RECURSION = YES;
				CLANG_WARN_INT_CONVERSION = YES;
				CLANG_WARN_NON_LITERAL_NULL_CONVERSION = YES;
				CLANG_WARN_OBJC_IMPLICIT_RETAIN_SELF = YES;
				CLANG_WARN_OBJC_LITERAL_CONVERSION = YES;
				CLANG_WARN_OBJC_ROOT_CLASS = YES_ERROR;
				CLANG_WARN_QUOTED_INCLUDE_IN_FRAMEWORK_HEADER = YES;
				CLANG_WARN_RANGE_LOOP_ANALYSIS = YES;
				CLANG_WARN_STRICT_PROTOTYPES = YES;
				CLANG_WARN_SUSPICIOUS_MOVE = YES;
				CLANG_WARN_UNGUARDED_AVAILABILITY = YES_AGGRESSIVE;
				CLANG_WARN_UNREACHABLE_CODE = YES;
				CLANG_WARN__DUPLICATE_METHOD_MATCH = YES;
				COPY_PHASE_STRIP = NO;
				DEBUG_INFORMATION_FORMAT = dwarf;
				ENABLE_STRICT_OBJC_MSGSEND = YES;
				ENABLE_TESTABILITY = YES;
				GCC_C_LANGUAGE_STANDARD = gnu11;
				GCC_DYNAMIC_NO_PIC = NO;
				GCC_NO_COMMON_BLOCKS = YES;
				GCC_OPTIMIZATION_LEVEL = 0;
				GCC_PREPROCESSOR_DEFINITIONS = (
					"DEBUG=1",
					"$(inherited)",
				);
				GCC_WARN_64_TO_32_BIT_CONVERSION = YES;
				GCC_WARN_ABOUT_RETURN_TYPE = YES_ERROR;
				GCC_WARN_UNDECLARED_SELECTOR = YES;
				GCC_WARN_UNINITIALIZED_AUTOS = YES_AGGRESSIVE;
				GCC_WARN_UNUSED_FUNCTION = YES;
				GCC_WARN_UNUSED_VARIABLE = YES;
				MACOSX_DEPLOYMENT_TARGET = 10.15;
				MTL_ENABLE_DEBUG_INFO = INCLUDE_SOURCE;
				MTL_FAST_MATH = YES;
				ONLY_ACTIVE_ARCH = YES;
				SDKROOT = macosx;
			};
			name = Debug;
		};
		8B28A61E25076CC800E3F0FF /* Release */ = {
			isa = XCBuildConfiguration;
			buildSettings = {
				ALWAYS_SEARCH_USER_PATHS = NO;
				CLANG_ANALYZER_NONNULL = YES;
				CLANG_ANALYZER_NUMBER_OBJECT_CONVERSION = YES_AGGRESSIVE;
				CLANG_CXX_LANGUAGE_STANDARD = "gnu++14";
				CLANG_CXX_LIBRARY = "libc++";
				CLANG_ENABLE_MODULES = YES;
				CLANG_ENABLE_OBJC_ARC = YES;
				CLANG_ENABLE_OBJC_WEAK = YES;
				CLANG_WARN_BLOCK_CAPTURE_AUTORELEASING = YES;
				CLANG_WARN_BOOL_CONVERSION = YES;
				CLANG_WARN_COMMA = YES;
				CLANG_WARN_CONSTANT_CONVERSION = YES;
				CLANG_WARN_DEPRECATED_OBJC_IMPLEMENTATIONS = YES;
				CLANG_WARN_DIRECT_OBJC_ISA_USAGE = YES_ERROR;
				CLANG_WARN_DOCUMENTATION_COMMENTS = YES;
				CLANG_WARN_EMPTY_BODY = YES;
				CLANG_WARN_ENUM_CONVERSION = YES;
				CLANG_WARN_INFINITE_RECURSION = YES;
				CLANG_WARN_INT_CONVERSION = YES;
				CLANG_WARN_NON_LITERAL_NULL_CONVERSION = YES;
				CLANG_WARN_OBJC_IMPLICIT_RETAIN_SELF = YES;
				CLANG_WARN_OBJC_LITERAL_CONVERSION = YES;
				CLANG_WARN_OBJC_ROOT_CLASS = YES_ERROR;
				CLANG_WARN_QUOTED_INCLUDE_IN_FRAMEWORK_HEADER = YES;
				CLANG_WARN_RANGE_LOOP_ANALYSIS = YES;
				CLANG_WARN_STRICT_PROTOTYPES = YES;
				CLANG_WARN_SUSPICIOUS_MOVE = YES;
				CLANG_WARN_UNGUARDED_AVAILABILITY = YES_AGGRESSIVE;
				CLANG_WARN_UNREACHABLE_CODE = YES;
				CLANG_WARN__DUPLICATE_METHOD_MATCH = YES;
				COPY_PHASE_STRIP = NO;
				DEBUG_INFORMATION_FORMAT = "dwarf-with-dsym";
				ENABLE_NS_ASSERTIONS = NO;
				ENABLE_STRICT_OBJC_MSGSEND = YES;
				GCC_C_LANGUAGE_STANDARD = gnu11;
				GCC_NO_COMMON_BLOCKS = YES;
				GCC_WARN_64_TO_32_BIT_CONVERSION = YES;
				GCC_WARN_ABOUT_RETURN_TYPE = YES_ERROR;
				GCC_WARN_UNDECLARED_SELECTOR = YES;
				GCC_WARN_UNINITIALIZED_AUTOS = YES_AGGRESSIVE;
				GCC_WARN_UNUSED_FUNCTION = YES;
				GCC_WARN_UNUSED_VARIABLE = YES;
				MACOSX_DEPLOYMENT_TARGET = 10.15;
				MTL_ENABLE_DEBUG_INFO = NO;
				MTL_FAST_MATH = YES;
				SDKROOT = macosx;
			};
			name = Release;
		};
		8B9C4028250A2A5B00C947F9 /* Debug */ = {
			isa = XCBuildConfiguration;
			buildSettings = {
				CLANG_WARN_QUOTED_INCLUDE_IN_FRAMEWORK_HEADER = NO;
				CODE_SIGN_STYLE = Automatic;
				FRAMEWORK_SEARCH_PATHS = (
					"$(inherited)",
					"$(LOCAL_LIBRARY_DIR)/Frameworks",
				);
				HEADER_SEARCH_PATHS = "";
				LIBRARY_SEARCH_PATHS = (
					"$(inherited)",
					"/Library/Frameworks/**",
				);
				PRODUCT_NAME = "$(TARGET_NAME)";
				SYSTEM_FRAMEWORK_SEARCH_PATHS = "/Library/Frameworks/**";
				SYSTEM_HEADER_SEARCH_PATHS = "";
			};
			name = Debug;
		};
		8B9C4029250A2A5B00C947F9 /* Release */ = {
			isa = XCBuildConfiguration;
			buildSettings = {
				CLANG_WARN_QUOTED_INCLUDE_IN_FRAMEWORK_HEADER = NO;
				CODE_SIGN_STYLE = Automatic;
				FRAMEWORK_SEARCH_PATHS = (
					"$(inherited)",
					"$(LOCAL_LIBRARY_DIR)/Frameworks",
				);
				HEADER_SEARCH_PATHS = "";
				LIBRARY_SEARCH_PATHS = (
					"$(inherited)",
					"/Library/Frameworks/**",
				);
				PRODUCT_NAME = "$(TARGET_NAME)";
				SYSTEM_FRAMEWORK_SEARCH_PATHS = "/Library/Frameworks/**";
				SYSTEM_HEADER_SEARCH_PATHS = "";
			};
			name = Release;
		};
/* End XCBuildConfiguration section */

/* Begin XCConfigurationList section */
		8B28A61325076CC800E3F0FF /* Build configuration list for PBXProject "alis" */ = {
			isa = XCConfigurationList;
			buildConfigurations = (
				8B28A61D25076CC800E3F0FF /* Debug */,
				8B28A61E25076CC800E3F0FF /* Release */,
			);
			defaultConfigurationIsVisible = 0;
			defaultConfigurationName = Release;
		};
		8B9C4027250A2A5B00C947F9 /* Build configuration list for PBXNativeTarget "alis" */ = {
			isa = XCConfigurationList;
			buildConfigurations = (
				8B9C4028250A2A5B00C947F9 /* Debug */,
				8B9C4029250A2A5B00C947F9 /* Release */,
			);
			defaultConfigurationIsVisible = 0;
			defaultConfigurationName = Release;
		};
/* End XCConfigurationList section */
	};
	rootObject = 8B28A61025076CC800E3F0FF /* Project object */;
}
